// !$*UTF8*$!
{
	archiveVersion = 1;
	classes = {
	};
	objectVersion = 46;
	objects = {

/* Begin PBXBuildFile section */
		924457631E9023AC0009F199 /* AppDelegate.swift in Sources */ = {isa = PBXBuildFile; fileRef = 924457621E9023AC0009F199 /* AppDelegate.swift */; };
		924457681E9023AC0009F199 /* Main.storyboard in Resources */ = {isa = PBXBuildFile; fileRef = 924457661E9023AC0009F199 /* Main.storyboard */; };
		9244576A1E9023AC0009F199 /* Assets.xcassets in Resources */ = {isa = PBXBuildFile; fileRef = 924457691E9023AC0009F199 /* Assets.xcassets */; };
		9244576D1E9023AC0009F199 /* LaunchScreen.storyboard in Resources */ = {isa = PBXBuildFile; fileRef = 9244576B1E9023AC0009F199 /* LaunchScreen.storyboard */; };
		924457781E9023AC0009F199 /* VirtualTouristTests.swift in Sources */ = {isa = PBXBuildFile; fileRef = 924457771E9023AC0009F199 /* VirtualTouristTests.swift */; };
		924457831E9023AC0009F199 /* VirtualTouristUITests.swift in Sources */ = {isa = PBXBuildFile; fileRef = 924457821E9023AC0009F199 /* VirtualTouristUITests.swift */; };
		924457931E9027ED0009F199 /* MapViewController.swift in Sources */ = {isa = PBXBuildFile; fileRef = 924457921E9027ED0009F199 /* MapViewController.swift */; };
		924457981E9030170009F199 /* MapFunctionClass.swift in Sources */ = {isa = PBXBuildFile; fileRef = 924457971E9030170009F199 /* MapFunctionClass.swift */; };
/* End PBXBuildFile section */

/* Begin PBXContainerItemProxy section */
		924457741E9023AC0009F199 /* PBXContainerItemProxy */ = {
			isa = PBXContainerItemProxy;
			containerPortal = 924457571E9023AC0009F199 /* Project object */;
			proxyType = 1;
			remoteGlobalIDString = 9244575E1E9023AC0009F199;
			remoteInfo = VirtualTourist;
		};
		9244577F1E9023AC0009F199 /* PBXContainerItemProxy */ = {
			isa = PBXContainerItemProxy;
			containerPortal = 924457571E9023AC0009F199 /* Project object */;
			proxyType = 1;
			remoteGlobalIDString = 9244575E1E9023AC0009F199;
			remoteInfo = VirtualTourist;
		};
/* End PBXContainerItemProxy section */

/* Begin PBXFileReference section */
		9244575F1E9023AC0009F199 /* VirtualTourist.app */ = {isa = PBXFileReference; explicitFileType = wrapper.application; includeInIndex = 0; path = VirtualTourist.app; sourceTree = BUILT_PRODUCTS_DIR; };
		924457621E9023AC0009F199 /* AppDelegate.swift */ = {isa = PBXFileReference; lastKnownFileType = sourcecode.swift; path = AppDelegate.swift; sourceTree = "<group>"; };
		924457671E9023AC0009F199 /* Base */ = {isa = PBXFileReference; lastKnownFileType = file.storyboard; name = Base; path = Base.lproj/Main.storyboard; sourceTree = "<group>"; };
		924457691E9023AC0009F199 /* Assets.xcassets */ = {isa = PBXFileReference; lastKnownFileType = folder.assetcatalog; path = Assets.xcassets; sourceTree = "<group>"; };
		9244576C1E9023AC0009F199 /* Base */ = {isa = PBXFileReference; lastKnownFileType = file.storyboard; name = Base; path = Base.lproj/LaunchScreen.storyboard; sourceTree = "<group>"; };
		9244576E1E9023AC0009F199 /* Info.plist */ = {isa = PBXFileReference; lastKnownFileType = text.plist.xml; path = Info.plist; sourceTree = "<group>"; };
		924457731E9023AC0009F199 /* VirtualTouristTests.xctest */ = {isa = PBXFileReference; explicitFileType = wrapper.cfbundle; includeInIndex = 0; path = VirtualTouristTests.xctest; sourceTree = BUILT_PRODUCTS_DIR; };
		924457771E9023AC0009F199 /* VirtualTouristTests.swift */ = {isa = PBXFileReference; lastKnownFileType = sourcecode.swift; path = VirtualTouristTests.swift; sourceTree = "<group>"; };
		924457791E9023AC0009F199 /* Info.plist */ = {isa = PBXFileReference; lastKnownFileType = text.plist.xml; path = Info.plist; sourceTree = "<group>"; };
		9244577E1E9023AC0009F199 /* VirtualTouristUITests.xctest */ = {isa = PBXFileReference; explicitFileType = wrapper.cfbundle; includeInIndex = 0; path = VirtualTouristUITests.xctest; sourceTree = BUILT_PRODUCTS_DIR; };
		924457821E9023AC0009F199 /* VirtualTouristUITests.swift */ = {isa = PBXFileReference; lastKnownFileType = sourcecode.swift; path = VirtualTouristUITests.swift; sourceTree = "<group>"; };
		924457841E9023AC0009F199 /* Info.plist */ = {isa = PBXFileReference; lastKnownFileType = text.plist.xml; path = Info.plist; sourceTree = "<group>"; };
		924457921E9027ED0009F199 /* MapViewController.swift */ = {isa = PBXFileReference; fileEncoding = 4; lastKnownFileType = sourcecode.swift; path = MapViewController.swift; sourceTree = "<group>"; };
		924457971E9030170009F199 /* MapFunctionClass.swift */ = {isa = PBXFileReference; fileEncoding = 4; lastKnownFileType = sourcecode.swift; path = MapFunctionClass.swift; sourceTree = "<group>"; };
/* End PBXFileReference section */

/* Begin PBXFrameworksBuildPhase section */
		9244575C1E9023AC0009F199 /* Frameworks */ = {
			isa = PBXFrameworksBuildPhase;
			buildActionMask = 2147483647;
			files = (
			);
			runOnlyForDeploymentPostprocessing = 0;
		};
		924457701E9023AC0009F199 /* Frameworks */ = {
			isa = PBXFrameworksBuildPhase;
			buildActionMask = 2147483647;
			files = (
			);
			runOnlyForDeploymentPostprocessing = 0;
		};
		9244577B1E9023AC0009F199 /* Frameworks */ = {
			isa = PBXFrameworksBuildPhase;
			buildActionMask = 2147483647;
			files = (
			);
			runOnlyForDeploymentPostprocessing = 0;
		};
/* End PBXFrameworksBuildPhase section */

/* Begin PBXGroup section */
		924457561E9023AC0009F199 = {
			isa = PBXGroup;
			children = (
				924457611E9023AC0009F199 /* VirtualTourist */,
				924457761E9023AC0009F199 /* VirtualTouristTests */,
				924457811E9023AC0009F199 /* VirtualTouristUITests */,
				924457601E9023AC0009F199 /* Products */,
			);
			sourceTree = "<group>";
		};
		924457601E9023AC0009F199 /* Products */ = {
			isa = PBXGroup;
			children = (
				9244575F1E9023AC0009F199 /* VirtualTourist.app */,
				924457731E9023AC0009F199 /* VirtualTouristTests.xctest */,
				9244577E1E9023AC0009F199 /* VirtualTouristUITests.xctest */,
			);
			name = Products;
			sourceTree = "<group>";
		};
		924457611E9023AC0009F199 /* VirtualTourist */ = {
			isa = PBXGroup;
			children = (
				924457621E9023AC0009F199 /* AppDelegate.swift */,
				924457951E902FEB0009F199 /* HelperClases */,
				924457941E90292B0009F199 /* Clients */,
				924457901E90271C0009F199 /* Controllers */,
				924457911E9027280009F199 /* HelperFiles */,
			);
			path = VirtualTourist;
			sourceTree = "<group>";
		};
		924457761E9023AC0009F199 /* VirtualTouristTests */ = {
			isa = PBXGroup;
			children = (
				924457771E9023AC0009F199 /* VirtualTouristTests.swift */,
				924457791E9023AC0009F199 /* Info.plist */,
			);
			path = VirtualTouristTests;
			sourceTree = "<group>";
		};
		924457811E9023AC0009F199 /* VirtualTouristUITests */ = {
			isa = PBXGroup;
			children = (
				924457821E9023AC0009F199 /* VirtualTouristUITests.swift */,
				924457841E9023AC0009F199 /* Info.plist */,
			);
			path = VirtualTouristUITests;
			sourceTree = "<group>";
		};
		924457901E90271C0009F199 /* Controllers */ = {
			isa = PBXGroup;
			children = (
				924457921E9027ED0009F199 /* MapViewController.swift */,
			);
			name = Controllers;
			sourceTree = "<group>";
		};
		924457911E9027280009F199 /* HelperFiles */ = {
			isa = PBXGroup;
			children = (
				9244576E1E9023AC0009F199 /* Info.plist */,
				924457691E9023AC0009F199 /* Assets.xcassets */,
				9244576B1E9023AC0009F199 /* LaunchScreen.storyboard */,
				924457661E9023AC0009F199 /* Main.storyboard */,
			);
			name = HelperFiles;
			sourceTree = "<group>";
		};
		924457941E90292B0009F199 /* Clients */ = {
			isa = PBXGroup;
			children = (
			);
			name = Clients;
			sourceTree = "<group>";
		};
		924457951E902FEB0009F199 /* HelperClases */ = {
			isa = PBXGroup;
			children = (
				924457971E9030170009F199 /* MapFunctionClass.swift */,
			);
			name = HelperClases;
			sourceTree = "<group>";
		};
/* End PBXGroup section */

/* Begin PBXNativeTarget section */
		9244575E1E9023AC0009F199 /* VirtualTourist */ = {
			isa = PBXNativeTarget;
			buildConfigurationList = 924457871E9023AC0009F199 /* Build configuration list for PBXNativeTarget "VirtualTourist" */;
			buildPhases = (
				9244575B1E9023AC0009F199 /* Sources */,
				9244575C1E9023AC0009F199 /* Frameworks */,
				9244575D1E9023AC0009F199 /* Resources */,
			);
			buildRules = (
			);
			dependencies = (
			);
			name = VirtualTourist;
			productName = VirtualTourist;
			productReference = 9244575F1E9023AC0009F199 /* VirtualTourist.app */;
			productType = "com.apple.product-type.application";
		};
		924457721E9023AC0009F199 /* VirtualTouristTests */ = {
			isa = PBXNativeTarget;
			buildConfigurationList = 9244578A1E9023AC0009F199 /* Build configuration list for PBXNativeTarget "VirtualTouristTests" */;
			buildPhases = (
				9244576F1E9023AC0009F199 /* Sources */,
				924457701E9023AC0009F199 /* Frameworks */,
				924457711E9023AC0009F199 /* Resources */,
			);
			buildRules = (
			);
			dependencies = (
				924457751E9023AC0009F199 /* PBXTargetDependency */,
			);
			name = VirtualTouristTests;
			productName = VirtualTouristTests;
			productReference = 924457731E9023AC0009F199 /* VirtualTouristTests.xctest */;
			productType = "com.apple.product-type.bundle.unit-test";
		};
		9244577D1E9023AC0009F199 /* VirtualTouristUITests */ = {
			isa = PBXNativeTarget;
			buildConfigurationList = 9244578D1E9023AC0009F199 /* Build configuration list for PBXNativeTarget "VirtualTouristUITests" */;
			buildPhases = (
				9244577A1E9023AC0009F199 /* Sources */,
				9244577B1E9023AC0009F199 /* Frameworks */,
				9244577C1E9023AC0009F199 /* Resources */,
			);
			buildRules = (
			);
			dependencies = (
				924457801E9023AC0009F199 /* PBXTargetDependency */,
			);
			name = VirtualTouristUITests;
			productName = VirtualTouristUITests;
			productReference = 9244577E1E9023AC0009F199 /* VirtualTouristUITests.xctest */;
			productType = "com.apple.product-type.bundle.ui-testing";
		};
/* End PBXNativeTarget section */

/* Begin PBXProject section */
		924457571E9023AC0009F199 /* Project object */ = {
			isa = PBXProject;
			attributes = {
				LastSwiftUpdateCheck = 0820;
				LastUpgradeCheck = 0820;
				ORGANIZATIONNAME = "Michael Doroff";
				TargetAttributes = {
					9244575E1E9023AC0009F199 = {
						CreatedOnToolsVersion = 8.2.1;
						DevelopmentTeam = C7H5VU6UVJ;
						ProvisioningStyle = Automatic;
					};
					924457721E9023AC0009F199 = {
						CreatedOnToolsVersion = 8.2.1;
						DevelopmentTeam = C7H5VU6UVJ;
						ProvisioningStyle = Automatic;
						TestTargetID = 9244575E1E9023AC0009F199;
					};
					9244577D1E9023AC0009F199 = {
						CreatedOnToolsVersion = 8.2.1;
						DevelopmentTeam = C7H5VU6UVJ;
						ProvisioningStyle = Automatic;
						TestTargetID = 9244575E1E9023AC0009F199;
					};
				};
			};
			buildConfigurationList = 9244575A1E9023AC0009F199 /* Build configuration list for PBXProject "VirtualTourist" */;
			compatibilityVersion = "Xcode 3.2";
			developmentRegion = English;
			hasScannedForEncodings = 0;
			knownRegions = (
				en,
				Base,
			);
			mainGroup = 924457561E9023AC0009F199;
			productRefGroup = 924457601E9023AC0009F199 /* Products */;
			projectDirPath = "";
			projectRoot = "";
			targets = (
				9244575E1E9023AC0009F199 /* VirtualTourist */,
				924457721E9023AC0009F199 /* VirtualTouristTests */,
				9244577D1E9023AC0009F199 /* VirtualTouristUITests */,
			);
		};
/* End PBXProject section */

/* Begin PBXResourcesBuildPhase section */
		9244575D1E9023AC0009F199 /* Resources */ = {
			isa = PBXResourcesBuildPhase;
			buildActionMask = 2147483647;
			files = (
				9244576D1E9023AC0009F199 /* LaunchScreen.storyboard in Resources */,
				9244576A1E9023AC0009F199 /* Assets.xcassets in Resources */,
				924457681E9023AC0009F199 /* Main.storyboard in Resources */,
			);
			runOnlyForDeploymentPostprocessing = 0;
		};
		924457711E9023AC0009F199 /* Resources */ = {
			isa = PBXResourcesBuildPhase;
			buildActionMask = 2147483647;
			files = (
			);
			runOnlyForDeploymentPostprocessing = 0;
		};
		9244577C1E9023AC0009F199 /* Resources */ = {
			isa = PBXResourcesBuildPhase;
			buildActionMask = 2147483647;
			files = (
			);
			runOnlyForDeploymentPostprocessing = 0;
		};
/* End PBXResourcesBuildPhase section */

/* Begin PBXSourcesBuildPhase section */
		9244575B1E9023AC0009F199 /* Sources */ = {
			isa = PBXSourcesBuildPhase;
			buildActionMask = 2147483647;
			files = (
				924457931E9027ED0009F199 /* MapViewController.swift in Sources */,
				924457631E9023AC0009F199 /* AppDelegate.swift in Sources */,
				924457981E9030170009F199 /* MapFunctionClass.swift in Sources */,
			);
			runOnlyForDeploymentPostprocessing = 0;
		};
		9244576F1E9023AC0009F199 /* Sources */ = {
			isa = PBXSourcesBuildPhase;
			buildActionMask = 2147483647;
			files = (
				924457781E9023AC0009F199 /* VirtualTouristTests.swift in Sources */,
			);
			runOnlyForDeploymentPostprocessing = 0;
		};
		9244577A1E9023AC0009F199 /* Sources */ = {
			isa = PBXSourcesBuildPhase;
			buildActionMask = 2147483647;
			files = (
				924457831E9023AC0009F199 /* VirtualTouristUITests.swift in Sources */,
			);
			runOnlyForDeploymentPostprocessing = 0;
		};
/* End PBXSourcesBuildPhase section */

/* Begin PBXTargetDependency section */
		924457751E9023AC0009F199 /* PBXTargetDependency */ = {
			isa = PBXTargetDependency;
			target = 9244575E1E9023AC0009F199 /* VirtualTourist */;
			targetProxy = 924457741E9023AC0009F199 /* PBXContainerItemProxy */;
		};
		924457801E9023AC0009F199 /* PBXTargetDependency */ = {
			isa = PBXTargetDependency;
			target = 9244575E1E9023AC0009F199 /* VirtualTourist */;
			targetProxy = 9244577F1E9023AC0009F199 /* PBXContainerItemProxy */;
		};
/* End PBXTargetDependency section */

/* Begin PBXVariantGroup section */
		924457661E9023AC0009F199 /* Main.storyboard */ = {
			isa = PBXVariantGroup;
			children = (
				924457671E9023AC0009F199 /* Base */,
			);
			name = Main.storyboard;
			sourceTree = "<group>";
		};
		9244576B1E9023AC0009F199 /* LaunchScreen.storyboard */ = {
			isa = PBXVariantGroup;
			children = (
				9244576C1E9023AC0009F199 /* Base */,
			);
			name = LaunchScreen.storyboard;
			sourceTree = "<group>";
		};
/* End PBXVariantGroup section */

/* Begin XCBuildConfiguration section */
		924457851E9023AC0009F199 /* Debug */ = {
			isa = XCBuildConfiguration;
			buildSettings = {
				ALWAYS_SEARCH_USER_PATHS = NO;
				CLANG_ANALYZER_NONNULL = YES;
				CLANG_CXX_LANGUAGE_STANDARD = "gnu++0x";
				CLANG_CXX_LIBRARY = "libc++";
				CLANG_ENABLE_MODULES = YES;
				CLANG_ENABLE_OBJC_ARC = YES;
				CLANG_WARN_BOOL_CONVERSION = YES;
				CLANG_WARN_CONSTANT_CONVERSION = YES;
				CLANG_WARN_DIRECT_OBJC_ISA_USAGE = YES_ERROR;
				CLANG_WARN_DOCUMENTATION_COMMENTS = YES;
				CLANG_WARN_EMPTY_BODY = YES;
				CLANG_WARN_ENUM_CONVERSION = YES;
				CLANG_WARN_INFINITE_RECURSION = YES;
				CLANG_WARN_INT_CONVERSION = YES;
				CLANG_WARN_OBJC_ROOT_CLASS = YES_ERROR;
				CLANG_WARN_SUSPICIOUS_MOVE = YES;
				CLANG_WARN_UNREACHABLE_CODE = YES;
				CLANG_WARN__DUPLICATE_METHOD_MATCH = YES;
				"CODE_SIGN_IDENTITY[sdk=iphoneos*]" = "iPhone Developer";
				COPY_PHASE_STRIP = NO;
				DEBUG_INFORMATION_FORMAT = dwarf;
				ENABLE_STRICT_OBJC_MSGSEND = YES;
				ENABLE_TESTABILITY = YES;
				GCC_C_LANGUAGE_STANDARD = gnu99;
				GCC_DYNAMIC_NO_PIC = NO;
				GCC_NO_COMMON_BLOCKS = YES;
				GCC_OPTIMIZATION_LEVEL = 0;
				GCC_PREPROCESSOR_DEFINITIONS = (
					"DEBUG=1",
					"$(inherited)",
				);
				GCC_WARN_64_TO_32_BIT_CONVERSION = YES;
				GCC_WARN_ABOUT_RETURN_TYPE = YES_ERROR;
				GCC_WARN_UNDECLARED_SELECTOR = YES;
				GCC_WARN_UNINITIALIZED_AUTOS = YES_AGGRESSIVE;
				GCC_WARN_UNUSED_FUNCTION = YES;
				GCC_WARN_UNUSED_VARIABLE = YES;
				IPHONEOS_DEPLOYMENT_TARGET = 10.2;
				MTL_ENABLE_DEBUG_INFO = YES;
				ONLY_ACTIVE_ARCH = YES;
				SDKROOT = iphoneos;
				SWIFT_ACTIVE_COMPILATION_CONDITIONS = DEBUG;
				SWIFT_OPTIMIZATION_LEVEL = "-Onone";
			};
			name = Debug;
		};
		924457861E9023AC0009F199 /* Release */ = {
			isa = XCBuildConfiguration;
			buildSettings = {
				ALWAYS_SEARCH_USER_PATHS = NO;
				CLANG_ANALYZER_NONNULL = YES;
				CLANG_CXX_LANGUAGE_STANDARD = "gnu++0x";
				CLANG_CXX_LIBRARY = "libc++";
				CLANG_ENABLE_MODULES = YES;
				CLANG_ENABLE_OBJC_ARC = YES;
				CLANG_WARN_BOOL_CONVERSION = YES;
				CLANG_WARN_CONSTANT_CONVERSION = YES;
				CLANG_WARN_DIRECT_OBJC_ISA_USAGE = YES_ERROR;
				CLANG_WARN_DOCUMENTATION_COMMENTS = YES;
				CLANG_WARN_EMPTY_BODY = YES;
				CLANG_WARN_ENUM_CONVERSION = YES;
				CLANG_WARN_INFINITE_RECURSION = YES;
				CLANG_WARN_INT_CONVERSION = YES;
				CLANG_WARN_OBJC_ROOT_CLASS = YES_ERROR;
				CLANG_WARN_SUSPICIOUS_MOVE = YES;
				CLANG_WARN_UNREACHABLE_CODE = YES;
				CLANG_WARN__DUPLICATE_METHOD_MATCH = YES;
				"CODE_SIGN_IDENTITY[sdk=iphoneos*]" = "iPhone Developer";
				COPY_PHASE_STRIP = NO;
				DEBUG_INFORMATION_FORMAT = "dwarf-with-dsym";
				ENABLE_NS_ASSERTIONS = NO;
				ENABLE_STRICT_OBJC_MSGSEND = YES;
				GCC_C_LANGUAGE_STANDARD = gnu99;
				GCC_NO_COMMON_BLOCKS = YES;
				GCC_WARN_64_TO_32_BIT_CONVERSION = YES;
				GCC_WARN_ABOUT_RETURN_TYPE = YES_ERROR;
				GCC_WARN_UNDECLARED_SELECTOR = YES;
				GCC_WARN_UNINITIALIZED_AUTOS = YES_AGGRESSIVE;
				GCC_WARN_UNUSED_FUNCTION = YES;
				GCC_WARN_UNUSED_VARIABLE = YES;
				IPHONEOS_DEPLOYMENT_TARGET = 10.2;
				MTL_ENABLE_DEBUG_INFO = NO;
				SDKROOT = iphoneos;
				SWIFT_OPTIMIZATION_LEVEL = "-Owholemodule";
				VALIDATE_PRODUCT = YES;
			};
			name = Release;
		};
		924457881E9023AC0009F199 /* Debug */ = {
			isa = XCBuildConfiguration;
			buildSettings = {
				ASSETCATALOG_COMPILER_APPICON_NAME = AppIcon;
				DEVELOPMENT_TEAM = C7H5VU6UVJ;
				INFOPLIST_FILE = VirtualTourist/Info.plist;
				LD_RUNPATH_SEARCH_PATHS = "$(inherited) @executable_path/Frameworks";
				PRODUCT_BUNDLE_IDENTIFIER = FLEC.VirtualTourist;
				PRODUCT_NAME = "$(TARGET_NAME)";
				SWIFT_VERSION = 3.0;
			};
			name = Debug;
		};
		924457891E9023AC0009F199 /* Release */ = {
			isa = XCBuildConfiguration;
			buildSettings = {
				ASSETCATALOG_COMPILER_APPICON_NAME = AppIcon;
				DEVELOPMENT_TEAM = C7H5VU6UVJ;
				INFOPLIST_FILE = VirtualTourist/Info.plist;
				LD_RUNPATH_SEARCH_PATHS = "$(inherited) @executable_path/Frameworks";
				PRODUCT_BUNDLE_IDENTIFIER = FLEC.VirtualTourist;
				PRODUCT_NAME = "$(TARGET_NAME)";
				SWIFT_VERSION = 3.0;
			};
			name = Release;
		};
		9244578B1E9023AC0009F199 /* Debug */ = {
			isa = XCBuildConfiguration;
			buildSettings = {
				ALWAYS_EMBED_SWIFT_STANDARD_LIBRARIES = YES;
				BUNDLE_LOADER = "$(TEST_HOST)";
				DEVELOPMENT_TEAM = C7H5VU6UVJ;
				INFOPLIST_FILE = VirtualTouristTests/Info.plist;
				LD_RUNPATH_SEARCH_PATHS = "$(inherited) @executable_path/Frameworks @loader_path/Frameworks";
				PRODUCT_BUNDLE_IDENTIFIER = FLEC.VirtualTouristTests;
				PRODUCT_NAME = "$(TARGET_NAME)";
				SWIFT_VERSION = 3.0;
				TEST_HOST = "$(BUILT_PRODUCTS_DIR)/VirtualTourist.app/VirtualTourist";
			};
			name = Debug;
		};
		9244578C1E9023AC0009F199 /* Release */ = {
			isa = XCBuildConfiguration;
			buildSettings = {
				ALWAYS_EMBED_SWIFT_STANDARD_LIBRARIES = YES;
				BUNDLE_LOADER = "$(TEST_HOST)";
				DEVELOPMENT_TEAM = C7H5VU6UVJ;
				INFOPLIST_FILE = VirtualTouristTests/Info.plist;
				LD_RUNPATH_SEARCH_PATHS = "$(inherited) @executable_path/Frameworks @loader_path/Frameworks";
				PRODUCT_BUNDLE_IDENTIFIER = FLEC.VirtualTouristTests;
				PRODUCT_NAME = "$(TARGET_NAME)";
				SWIFT_VERSION = 3.0;
				TEST_HOST = "$(BUILT_PRODUCTS_DIR)/VirtualTourist.app/VirtualTourist";
			};
			name = Release;
		};
		9244578E1E9023AC0009F199 /* Debug */ = {
			isa = XCBuildConfiguration;
			buildSettings = {
				ALWAYS_EMBED_SWIFT_STANDARD_LIBRARIES = YES;
				DEVELOPMENT_TEAM = C7H5VU6UVJ;
				INFOPLIST_FILE = VirtualTouristUITests/Info.plist;
				LD_RUNPATH_SEARCH_PATHS = "$(inherited) @executable_path/Frameworks @loader_path/Frameworks";
				PRODUCT_BUNDLE_IDENTIFIER = FLEC.VirtualTouristUITests;
				PRODUCT_NAME = "$(TARGET_NAME)";
				SWIFT_VERSION = 3.0;
				TEST_TARGET_NAME = VirtualTourist;
			};
			name = Debug;
		};
		9244578F1E9023AC0009F199 /* Release */ = {
			isa = XCBuildConfiguration;
			buildSettings = {
				ALWAYS_EMBED_SWIFT_STANDARD_LIBRARIES = YES;
				DEVELOPMENT_TEAM = C7H5VU6UVJ;
				INFOPLIST_FILE = VirtualTouristUITests/Info.plist;
				LD_RUNPATH_SEARCH_PATHS = "$(inherited) @executable_path/Frameworks @loader_path/Frameworks";
				PRODUCT_BUNDLE_IDENTIFIER = FLEC.VirtualTouristUITests;
				PRODUCT_NAME = "$(TARGET_NAME)";
				SWIFT_VERSION = 3.0;
				TEST_TARGET_NAME = VirtualTourist;
			};
			name = Release;
		};
/* End XCBuildConfiguration section */

/* Begin XCConfigurationList section */
		9244575A1E9023AC0009F199 /* Build configuration list for PBXProject "VirtualTourist" */ = {
			isa = XCConfigurationList;
			buildConfigurations = (
				924457851E9023AC0009F199 /* Debug */,
				924457861E9023AC0009F199 /* Release */,
			);
			defaultConfigurationIsVisible = 0;
			defaultConfigurationName = Release;
		};
		924457871E9023AC0009F199 /* Build configuration list for PBXNativeTarget "VirtualTourist" */ = {
			isa = XCConfigurationList;
			buildConfigurations = (
				924457881E9023AC0009F199 /* Debug */,
				924457891E9023AC0009F199 /* Release */,
			);
			defaultConfigurationIsVisible = 0;
		};
		9244578A1E9023AC0009F199 /* Build configuration list for PBXNativeTarget "VirtualTouristTests" */ = {
			isa = XCConfigurationList;
			buildConfigurations = (
				9244578B1E9023AC0009F199 /* Debug */,
				9244578C1E9023AC0009F199 /* Release */,
			);
			defaultConfigurationIsVisible = 0;
		};
		9244578D1E9023AC0009F199 /* Build configuration list for PBXNativeTarget "VirtualTouristUITests" */ = {
			isa = XCConfigurationList;
			buildConfigurations = (
				9244578E1E9023AC0009F199 /* Debug */,
				9244578F1E9023AC0009F199 /* Release */,
			);
			defaultConfigurationIsVisible = 0;
		};
/* End XCConfigurationList section */
	};
	rootObject = 924457571E9023AC0009F199 /* Project object */;
}
